
Microsoft Visual Studio Solution File, Format Version 12.00
# Visual Studio Version 17
VisualStudioVersion = 17.14.37411.7
MinimumVisualStudioVersion = 10.0.40219.1
Project("{FAE04EC0-301F-11D3-BF4B-00C04F79EFBC}") = "AssignmentBasics", "AssignmentBasics\AssignmentBasics.csproj", "{4153F4A0-4AB8-4A46-B515-3CE1179032A4}"
EndProject
Project("{FAE04EC0-301F-11D3-BF4B-00C04F79EFBC}") = "TrainingBasics", "TrainingBasics\TrainingBasics.csproj", "{EFA261B1-4175-484A-AF07-27F2B0C04DBC}"
EndProject
Project("{FAE04EC0-301F-11D3-BF4B-00C04F79EFBC}") = "TrainingWork", "TrainingWork\TrainingWork.csproj", "{8C1ACB79-8937-46D0-9E70-12244210B8C8}"
EndProject
Project("{FAE04EC0-301F-11D3-BF4B-00C04F79EFBC}") = "HelperExtensions", "HelperExtensions\HelperExtensions.csproj", "{13B8DA42-C2B9-417D-BE21-8CEEFB846D65}"
EndProject
Project("{FAE04EC0-301F-11D3-BF4B-00C04F79EFBC}") = "DelegatesEvents", "GenericList\DelegatesEvents.csproj", "{1240B148-38D5-4751-9345-FA1C7FF7C486}"
EndProject
Project("{FAE04EC0-301F-11D3-BF4B-00C04F79EFBC}") = "LiveCodingSession", "LiveCodingSession\LiveCodingSession.csproj", "{5891B260-9815-4D23-A0F1-117E37A5F1FC}"
EndProject
Project("{F2A71F9B-5D33-465A-A702-920D77279786}") = "F# Sample Proj", "F# Sample Proj\F# Sample Proj.fsproj", "{4B7E9756-9959-41FE-90B5-044A6A34B37E}"
EndProject
Project("{FAE04EC0-301F-11D3-BF4B-00C04F79EFBC}") = "C# Proj (F# Ref)", "SampleC#Project\C# Proj (F# Ref).csproj", "{A6774DDB-0054-4BFB-904E-6AFC6BDDC766}"
EndProject
Project("{FAE04EC0-301F-11D3-BF4B-00C04F79EFBC}") = "FileHandlingDemo", "FileHandlingDemo\FileHandlingDemo.csproj", "{69710F15-0D22-4451-9AC8-2DDC5B30E845}"
EndProject
Project("{FAE04EC0-301F-11D3-BF4B-00C04F79EFBC}") = "FileHandling(CSV)", "FileHandLine(CSV)\FileHandling(CSV).csproj", "{3FCD4373-B5E5-4E36-B19D-B91EB66E09F0}"
EndProject
Project("{FAE04EC0-301F-11D3-BF4B-00C04F79EFBC}") = "ExtensionMethods", "ExtensionMethods\ExtensionMethods.csproj", "{33DF92E8-5B28-A9C0-F4FF-0000E8530488}"
EndProject
Project("{FAE04EC0-301F-11D3-BF4B-00C04F79EFBC}") = "Expense_Tracker", "Expense_Tracker\Expense_Tracker.csproj", "{1DB830B3-332F-A0E4-DD89-580C95653DB8}"
EndProject
Project("{FAE04EC0-301F-11D3-BF4B-00C04F79EFBC}") = "LinqPractice", "LinqPractice\LinqPractice.csproj", "{E2B49FEE-8175-4764-8D74-2D2F55ACCBAE}"
EndProject
Project("{FAE04EC0-301F-11D3-BF4B-00C04F79EFBC}") = "TimerApplication", "TimerApplication\TimerApplication.csproj", "{D4E8369A-88C5-20A8-915E-6DFF3801FBB0}"
EndProject
Project("{FAE04EC0-301F-11D3-BF4B-00C04F79EFBC}") = "CarWashSystem", "CarWashSystem\CarWashSystem.csproj", "{BA4694C6-4908-49C9-951F-511DFB1DA15E}"
EndProject
Project("{FAE04EC0-301F-11D3-BF4B-00C04F79EFBC}") = "QueryBuilderPractice", "PracticeTry\QueryBuilderPractice.csproj", "{D642579A-1A5F-4B71-91E2-B995F1172AC8}"
EndProject
Project("{FAE04EC0-301F-11D3-BF4B-00C04F79EFBC}") = "ArrayResizePractice", "ArrayResizePractice\ArrayResizePractice.csproj", "{937EF4EC-AD84-4F6B-8E9B-5D9907F8BED9}"
EndProject
Project("{FAE04EC0-301F-11D3-BF4B-00C04F79EFBC}") = "DebuggingPractice", "Practice\DebuggingPractice.csproj", "{4A84B1F5-BD01-422B-BB82-70704B3D6FE7}"
EndProject
Project("{FAE04EC0-301F-11D3-BF4B-00C04F79EFBC}") = "PracticeApp", "PracticeApp\PracticeApp.csproj", "{6AA3DB19-3A9C-4679-97BD-1D4AA9A61611}"
EndProject
Project("{FAE04EC0-301F-11D3-BF4B-00C04F79EFBC}") = "ReflectionPractice", "ReflectionPractice\ReflectionPractice.csproj", "{2756065A-9070-4A7E-A5CA-1E51936282D1}"
EndProject
Project("{FAE04EC0-301F-11D3-BF4B-00C04F79EFBC}") = "PluginInterface", "PluginInterface\PluginInterface.csproj", "{F3090516-69E1-4EBD-A753-6F972EC60123}"
EndProject
Project("{FAE04EC0-301F-11D3-BF4B-00C04F79EFBC}") = "CalculatorPlugin", "CalculatorPlugin\CalculatorPlugin.csproj", "{F5BB96E8-DADE-4D9F-90DB-98D64FE7F01B}"
EndProject
Project("{FAE04EC0-301F-11D3-BF4B-00C04F79EFBC}") = "HelloPlugin", "HelloPlugin\HelloPlugin.csproj", "{C3000EFA-3C3F-4DB4-AA87-537C6D5EBC66}"
EndProject
Project("{FAE04EC0-301F-11D3-BF4B-00C04F79EFBC}") = "PluginApp", "PluginApp\PluginApp.csproj", "{58C3860D-755C-473A-A09D-4AC368E45F94}"
EndProject
Project("{FAE04EC0-301F-11D3-BF4B-00C04F79EFBC}") = "ThreadingSample", "ThreadingSample\ThreadingSample.csproj", "{9AB82727-BAA7-4ED9-903B-F968BAB6B481}"
EndProject
Project("{FAE04EC0-301F-11D3-BF4B-00C04F79EFBC}") = "DebugProject", "DebugProject\DebugProject.csproj", "{DDD5EB77-EE46-494D-8E4F-7F1B1F85F8C0}"
EndProject
Project("{FAE04EC0-301F-11D3-BF4B-00C04F79EFBC}") = "ThreadingSamplePractice", "ThreadingSamplePractice\ThreadingSamplePractice.csproj", "{20D981AE-3702-4DCF-ADE0-55D105F575E6}"
EndProject
Project("{FAE04EC0-301F-11D3-BF4B-00C04F79EFBC}") = "ThreadProcessor", "ThreadProcessor\ThreadProcessor.csproj", "{7599723D-32CC-487B-A2DE-CBF44C7BBC1B}"
EndProject
Project("{FAE04EC0-301F-11D3-BF4B-00C04F79EFBC}") = "ThreadingWinFormsApp", "ThreadingWinFormsApp\ThreadingWinFormsApp.csproj", "{BB7429C1-8D24-4CB2-8638-D00EA9FC9109}"
EndProject
Project("{FAE04EC0-301F-11D3-BF4B-00C04F79EFBC}") = "WindowsFormsApp", "WindowsFormsApp\WindowsFormsApp.csproj", "{C200FD7F-46B1-46CB-96D2-FDBBB879B35B}"
EndProject
Global
	GlobalSection(SolutionConfigurationPlatforms) = preSolution
		Debug|Any CPU = Debug|Any CPU
		Debug|ARM32 = Debug|ARM32
		Debug|x86 = Debug|x86
		Release|Any CPU = Release|Any CPU
		Release|ARM32 = Release|ARM32
		Release|x86 = Release|x86
	EndGlobalSection
	GlobalSection(ProjectConfigurationPlatforms) = postSolution
		{4153F4A0-4AB8-4A46-B515-3CE1179032A4}.Debug|Any CPU.ActiveCfg = Debug|Any CPU
		{4153F4A0-4AB8-4A46-B515-3CE1179032A4}.Debug|Any CPU.Build.0 = Debug|Any CPU
		{4153F4A0-4AB8-4A46-B515-3CE1179032A4}.Debug|ARM32.ActiveCfg = Debug|Any CPU
		{4153F4A0-4AB8-4A46-B515-3CE1179032A4}.Debug|ARM32.Build.0 = Debug|Any CPU
		{4153F4A0-4AB8-4A46-B515-3CE1179032A4}.Debug|x86.ActiveCfg = Debug|Any CPU
		{4153F4A0-4AB8-4A46-B515-3CE1179032A4}.Debug|x86.Build.0 = Debug|Any CPU
		{4153F4A0-4AB8-4A46-B515-3CE1179032A4}.Release|Any CPU.ActiveCfg = Release|Any CPU
		{4153F4A0-4AB8-4A46-B515-3CE1179032A4}.Release|Any CPU.Build.0 = Release|Any CPU
		{4153F4A0-4AB8-4A46-B515-3CE1179032A4}.Release|ARM32.ActiveCfg = Release|Any CPU
		{4153F4A0-4AB8-4A46-B515-3CE1179032A4}.Release|ARM32.Build.0 = Release|Any CPU
		{4153F4A0-4AB8-4A46-B515-3CE1179032A4}.Release|x86.ActiveCfg = Release|Any CPU
		{4153F4A0-4AB8-4A46-B515-3CE1179032A4}.Release|x86.Build.0 = Release|Any CPU
		{EFA261B1-4175-484A-AF07-27F2B0C04DBC}.Debug|Any CPU.ActiveCfg = Debug|Any CPU
		{EFA261B1-4175-484A-AF07-27F2B0C04DBC}.Debug|Any CPU.Build.0 = Debug|Any CPU
		{EFA261B1-4175-484A-AF07-27F2B0C04DBC}.Debug|ARM32.ActiveCfg = Debug|Any CPU
		{EFA261B1-4175-484A-AF07-27F2B0C04DBC}.Debug|ARM32.Build.0 = Debug|Any CPU
		{EFA261B1-4175-484A-AF07-27F2B0C04DBC}.Debug|x86.ActiveCfg = Debug|Any CPU
		{EFA261B1-4175-484A-AF07-27F2B0C04DBC}.Debug|x86.Build.0 = Debug|Any CPU
		{EFA261B1-4175-484A-AF07-27F2B0C04DBC}.Release|Any CPU.ActiveCfg = Release|Any CPU
		{EFA261B1-4175-484A-AF07-27F2B0C04DBC}.Release|Any CPU.Build.0 = Release|Any CPU
		{EFA261B1-4175-484A-AF07-27F2B0C04DBC}.Release|ARM32.ActiveCfg = Release|Any CPU
		{EFA261B1-4175-484A-AF07-27F2B0C04DBC}.Release|ARM32.Build.0 = Release|Any CPU
		{EFA261B1-4175-484A-AF07-27F2B0C04DBC}.Release|x86.ActiveCfg = Release|Any CPU
		{EFA261B1-4175-484A-AF07-27F2B0C04DBC}.Release|x86.Build.0 = Release|Any CPU
		{8C1ACB79-8937-46D0-9E70-12244210B8C8}.Debug|Any CPU.ActiveCfg = Debug|Any CPU
		{8C1ACB79-8937-46D0-9E70-12244210B8C8}.Debug|Any CPU.Build.0 = Debug|Any CPU
		{8C1ACB79-8937-46D0-9E70-12244210B8C8}.Debug|ARM32.ActiveCfg = Debug|Any CPU
		{8C1ACB79-8937-46D0-9E70-12244210B8C8}.Debug|ARM32.Build.0 = Debug|Any CPU
		{8C1ACB79-8937-46D0-9E70-12244210B8C8}.Debug|x86.ActiveCfg = Debug|Any CPU
		{8C1ACB79-8937-46D0-9E70-12244210B8C8}.Debug|x86.Build.0 = Debug|Any CPU
		{8C1ACB79-8937-46D0-9E70-12244210B8C8}.Release|Any CPU.ActiveCfg = Release|Any CPU
		{8C1ACB79-8937-46D0-9E70-12244210B8C8}.Release|Any CPU.Build.0 = Release|Any CPU
		{8C1ACB79-8937-46D0-9E70-12244210B8C8}.Release|ARM32.ActiveCfg = Release|Any CPU
		{8C1ACB79-8937-46D0-9E70-12244210B8C8}.Release|ARM32.Build.0 = Release|Any CPU
		{8C1ACB79-8937-46D0-9E70-12244210B8C8}.Release|x86.ActiveCfg = Release|Any CPU
		{8C1ACB79-8937-46D0-9E70-12244210B8C8}.Release|x86.Build.0 = Release|Any CPU
		{13B8DA42-C2B9-417D-BE21-8CEEFB846D65}.Debug|Any CPU.ActiveCfg = Debug|Any CPU
		{13B8DA42-C2B9-417D-BE21-8CEEFB846D65}.Debug|Any CPU.Build.0 = Debug|Any CPU
		{13B8DA42-C2B9-417D-BE21-8CEEFB846D65}.Debug|ARM32.ActiveCfg = Debug|Any CPU
		{13B8DA42-C2B9-417D-BE21-8CEEFB846D65}.Debug|ARM32.Build.0 = Debug|Any CPU
		{13B8DA42-C2B9-417D-BE21-8CEEFB846D65}.Debug|x86.ActiveCfg = Debug|Any CPU
		{13B8DA42-C2B9-417D-BE21-8CEEFB846D65}.Debug|x86.Build.0 = Debug|Any CPU
		{13B8DA42-C2B9-417D-BE21-8CEEFB846D65}.Release|Any CPU.ActiveCfg = Release|Any CPU
		{13B8DA42-C2B9-417D-BE21-8CEEFB846D65}.Release|Any CPU.Build.0 = Release|Any CPU
		{13B8DA42-C2B9-417D-BE21-8CEEFB846D65}.Release|ARM32.ActiveCfg = Release|Any CPU
		{13B8DA42-C2B9-417D-BE21-8CEEFB846D65}.Release|ARM32.Build.0 = Release|Any CPU
		{13B8DA42-C2B9-417D-BE21-8CEEFB846D65}.Release|x86.ActiveCfg = Release|Any CPU
		{13B8DA42-C2B9-417D-BE21-8CEEFB846D65}.Release|x86.Build.0 = Release|Any CPU
		{1240B148-38D5-4751-9345-FA1C7FF7C486}.Debug|Any CPU.ActiveCfg = Debug|Any CPU
		{1240B148-38D5-4751-9345-FA1C7FF7C486}.Debug|Any CPU.Build.0 = Debug|Any CPU
		{1240B148-38D5-4751-9345-FA1C7FF7C486}.Debug|ARM32.ActiveCfg = Debug|ARM32
		{1240B148-38D5-4751-9345-FA1C7FF7C486}.Debug|ARM32.Build.0 = Debug|ARM32
		{1240B148-38D5-4751-9345-FA1C7FF7C486}.Debug|x86.ActiveCfg = Debug|x86
		{1240B148-38D5-4751-9345-FA1C7FF7C486}.Debug|x86.Build.0 = Debug|x86
		{1240B148-38D5-4751-9345-FA1C7FF7C486}.Release|Any CPU.ActiveCfg = Release|Any CPU
		{1240B148-38D5-4751-9345-FA1C7FF7C486}.Release|Any CPU.Build.0 = Release|Any CPU
		{1240B148-38D5-4751-9345-FA1C7FF7C486}.Release|ARM32.ActiveCfg = Release|ARM32
		{1240B148-38D5-4751-9345-FA1C7FF7C486}.Release|ARM32.Build.0 = Release|ARM32
		{1240B148-38D5-4751-9345-FA1C7FF7C486}.Release|x86.ActiveCfg = Release|x86
		{1240B148-38D5-4751-9345-FA1C7FF7C486}.Release|x86.Build.0 = Release|x86
		{5891B260-9815-4D23-A0F1-117E37A5F1FC}.Debug|Any CPU.ActiveCfg = Debug|Any CPU
		{5891B260-9815-4D23-A0F1-117E37A5F1FC}.Debug|Any CPU.Build.0 = Debug|Any CPU
		{5891B260-9815-4D23-A0F1-117E37A5F1FC}.Debug|ARM32.ActiveCfg = Debug|Any CPU
		{5891B260-9815-4D23-A0F1-117E37A5F1FC}.Debug|ARM32.Build.0 = Debug|Any CPU
		{5891B260-9815-4D23-A0F1-117E37A5F1FC}.Debug|x86.ActiveCfg = Debug|Any CPU
		{5891B260-9815-4D23-A0F1-117E37A5F1FC}.Debug|x86.Build.0 = Debug|Any CPU
		{5891B260-9815-4D23-A0F1-117E37A5F1FC}.Release|Any CPU.ActiveCfg = Release|Any CPU
		{5891B260-9815-4D23-A0F1-117E37A5F1FC}.Release|Any CPU.Build.0 = Release|Any CPU
		{5891B260-9815-4D23-A0F1-117E37A5F1FC}.Release|ARM32.ActiveCfg = Release|Any CPU
		{5891B260-9815-4D23-A0F1-117E37A5F1FC}.Release|ARM32.Build.0 = Release|Any CPU
		{5891B260-9815-4D23-A0F1-117E37A5F1FC}.Release|x86.ActiveCfg = Release|Any CPU
		{5891B260-9815-4D23-A0F1-117E37A5F1FC}.Release|x86.Build.0 = Release|Any CPU
		{4B7E9756-9959-41FE-90B5-044A6A34B37E}.Debug|Any CPU.ActiveCfg = Debug|Any CPU
		{4B7E9756-9959-41FE-90B5-044A6A34B37E}.Debug|Any CPU.Build.0 = Debug|Any CPU
		{4B7E9756-9959-41FE-90B5-044A6A34B37E}.Debug|ARM32.ActiveCfg = Debug|Any CPU
		{4B7E9756-9959-41FE-90B5-044A6A34B37E}.Debug|ARM32.Build.0 = Debug|Any CPU
		{4B7E9756-9959-41FE-90B5-044A6A34B37E}.Debug|x86.ActiveCfg = Debug|Any CPU
		{4B7E9756-9959-41FE-90B5-044A6A34B37E}.Debug|x86.Build.0 = Debug|Any CPU
		{4B7E9756-9959-41FE-90B5-044A6A34B37E}.Release|Any CPU.ActiveCfg = Release|Any CPU
		{4B7E9756-9959-41FE-90B5-044A6A34B37E}.Release|Any CPU.Build.0 = Release|Any CPU
		{4B7E9756-9959-41FE-90B5-044A6A34B37E}.Release|ARM32.ActiveCfg = Release|Any CPU
		{4B7E9756-9959-41FE-90B5-044A6A34B37E}.Release|ARM32.Build.0 = Release|Any CPU
		{4B7E9756-9959-41FE-90B5-044A6A34B37E}.Release|x86.ActiveCfg = Release|Any CPU
		{4B7E9756-9959-41FE-90B5-044A6A34B37E}.Release|x86.Build.0 = Release|Any CPU
		{A6774DDB-0054-4BFB-904E-6AFC6BDDC766}.Debug|Any CPU.ActiveCfg = Debug|Any CPU
		{A6774DDB-0054-4BFB-904E-6AFC6BDDC766}.Debug|Any CPU.Build.0 = Debug|Any CPU
		{A6774DDB-0054-4BFB-904E-6AFC6BDDC766}.Debug|ARM32.ActiveCfg = Debug|Any CPU
		{A6774DDB-0054-4BFB-904E-6AFC6BDDC766}.Debug|ARM32.Build.0 = Debug|Any CPU
		{A6774DDB-0054-4BFB-904E-6AFC6BDDC766}.Debug|x86.ActiveCfg = Debug|Any CPU
		{A6774DDB-0054-4BFB-904E-6AFC6BDDC766}.Debug|x86.Build.0 = Debug|Any CPU
		{A6774DDB-0054-4BFB-904E-6AFC6BDDC766}.Release|Any CPU.ActiveCfg = Release|Any CPU
		{A6774DDB-0054-4BFB-904E-6AFC6BDDC766}.Release|Any CPU.Build.0 = Release|Any CPU
		{A6774DDB-0054-4BFB-904E-6AFC6BDDC766}.Release|ARM32.ActiveCfg = Release|Any CPU
		{A6774DDB-0054-4BFB-904E-6AFC6BDDC766}.Release|ARM32.Build.0 = Release|Any CPU
		{A6774DDB-0054-4BFB-904E-6AFC6BDDC766}.Release|x86.ActiveCfg = Release|Any CPU
		{A6774DDB-0054-4BFB-904E-6AFC6BDDC766}.Release|x86.Build.0 = Release|Any CPU
		{69710F15-0D22-4451-9AC8-2DDC5B30E845}.Debug|Any CPU.ActiveCfg = Debug|Any CPU
		{69710F15-0D22-4451-9AC8-2DDC5B30E845}.Debug|Any CPU.Build.0 = Debug|Any CPU
		{69710F15-0D22-4451-9AC8-2DDC5B30E845}.Debug|ARM32.ActiveCfg = Debug|Any CPU
		{69710F15-0D22-4451-9AC8-2DDC5B30E845}.Debug|ARM32.Build.0 = Debug|Any CPU
		{69710F15-0D22-4451-9AC8-2DDC5B30E845}.Debug|x86.ActiveCfg = Debug|Any CPU
		{69710F15-0D22-4451-9AC8-2DDC5B30E845}.Debug|x86.Build.0 = Debug|Any CPU
		{69710F15-0D22-4451-9AC8-2DDC5B30E845}.Release|Any CPU.ActiveCfg = Release|Any CPU
		{69710F15-0D22-4451-9AC8-2DDC5B30E845}.Release|Any CPU.Build.0 = Release|Any CPU
		{69710F15-0D22-4451-9AC8-2DDC5B30E845}.Release|ARM32.ActiveCfg = Release|Any CPU
		{69710F15-0D22-4451-9AC8-2DDC5B30E845}.Release|ARM32.Build.0 = Release|Any CPU
		{69710F15-0D22-4451-9AC8-2DDC5B30E845}.Release|x86.ActiveCfg = Release|Any CPU
		{69710F15-0D22-4451-9AC8-2DDC5B30E845}.Release|x86.Build.0 = Release|Any CPU
		{3FCD4373-B5E5-4E36-B19D-B91EB66E09F0}.Debug|Any CPU.ActiveCfg = Debug|Any CPU
		{3FCD4373-B5E5-4E36-B19D-B91EB66E09F0}.Debug|Any CPU.Build.0 = Debug|Any CPU
		{3FCD4373-B5E5-4E36-B19D-B91EB66E09F0}.Debug|ARM32.ActiveCfg = Debug|Any CPU
		{3FCD4373-B5E5-4E36-B19D-B91EB66E09F0}.Debug|ARM32.Build.0 = Debug|Any CPU
		{3FCD4373-B5E5-4E36-B19D-B91EB66E09F0}.Debug|x86.ActiveCfg = Debug|Any CPU
		{3FCD4373-B5E5-4E36-B19D-B91EB66E09F0}.Debug|x86.Build.0 = Debug|Any CPU
		{3FCD4373-B5E5-4E36-B19D-B91EB66E09F0}.Release|Any CPU.ActiveCfg = Release|Any CPU
		{3FCD4373-B5E5-4E36-B19D-B91EB66E09F0}.Release|Any CPU.Build.0 = Release|Any CPU
		{3FCD4373-B5E5-4E36-B19D-B91EB66E09F0}.Release|ARM32.ActiveCfg = Release|Any CPU
		{3FCD4373-B5E5-4E36-B19D-B91EB66E09F0}.Release|ARM32.Build.0 = Release|Any CPU
		{3FCD4373-B5E5-4E36-B19D-B91EB66E09F0}.Release|x86.ActiveCfg = Release|Any CPU
		{3FCD4373-B5E5-4E36-B19D-B91EB66E09F0}.Release|x86.Build.0 = Release|Any CPU
		{33DF92E8-5B28-A9C0-F4FF-0000E8530488}.Debug|Any CPU.ActiveCfg = Debug|Any CPU
		{33DF92E8-5B28-A9C0-F4FF-0000E8530488}.Debug|Any CPU.Build.0 = Debug|Any CPU
		{33DF92E8-5B28-A9C0-F4FF-0000E8530488}.Debug|ARM32.ActiveCfg = Debug|Any CPU
		{33DF92E8-5B28-A9C0-F4FF-0000E8530488}.Debug|ARM32.Build.0 = Debug|Any CPU
		{33DF92E8-5B28-A9C0-F4FF-0000E8530488}.Debug|x86.ActiveCfg = Debug|Any CPU
		{33DF92E8-5B28-A9C0-F4FF-0000E8530488}.Debug|x86.Build.0 = Debug|Any CPU
		{33DF92E8-5B28-A9C0-F4FF-0000E8530488}.Release|Any CPU.ActiveCfg = Release|Any CPU
		{33DF92E8-5B28-A9C0-F4FF-0000E8530488}.Release|Any CPU.Build.0 = Release|Any CPU
		{33DF92E8-5B28-A9C0-F4FF-0000E8530488}.Release|ARM32.ActiveCfg = Release|Any CPU
		{33DF92E8-5B28-A9C0-F4FF-0000E8530488}.Release|ARM32.Build.0 = Release|Any CPU
		{33DF92E8-5B28-A9C0-F4FF-0000E8530488}.Release|x86.ActiveCfg = Release|Any CPU
		{33DF92E8-5B28-A9C0-F4FF-0000E8530488}.Release|x86.Build.0 = Release|Any CPU
		{1DB830B3-332F-A0E4-DD89-580C95653DB8}.Debug|Any CPU.ActiveCfg = Debug|Any CPU
		{1DB830B3-332F-A0E4-DD89-580C95653DB8}.Debug|Any CPU.Build.0 = Debug|Any CPU
		{1DB830B3-332F-A0E4-DD89-580C95653DB8}.Debug|ARM32.ActiveCfg = Debug|Any CPU
		{1DB830B3-332F-A0E4-DD89-580C95653DB8}.Debug|ARM32.Build.0 = Debug|Any CPU
		{1DB830B3-332F-A0E4-DD89-580C95653DB8}.Debug|x86.ActiveCfg = Debug|Any CPU
		{1DB830B3-332F-A0E4-DD89-580C95653DB8}.Debug|x86.Build.0 = Debug|Any CPU
		{1DB830B3-332F-A0E4-DD89-580C95653DB8}.Release|Any CPU.ActiveCfg = Release|Any CPU
		{1DB830B3-332F-A0E4-DD89-580C95653DB8}.Release|Any CPU.Build.0 = Release|Any CPU
		{1DB830B3-332F-A0E4-DD89-580C95653DB8}.Release|ARM32.ActiveCfg = Release|Any CPU
		{1DB830B3-332F-A0E4-DD89-580C95653DB8}.Release|ARM32.Build.0 = Release|Any CPU
		{1DB830B3-332F-A0E4-DD89-580C95653DB8}.Release|x86.ActiveCfg = Release|Any CPU
		{1DB830B3-332F-A0E4-DD89-580C95653DB8}.Release|x86.Build.0 = Release|Any CPU
		{E2B49FEE-8175-4764-8D74-2D2F55ACCBAE}.Debug|Any CPU.ActiveCfg = Debug|Any CPU
		{E2B49FEE-8175-4764-8D74-2D2F55ACCBAE}.Debug|Any CPU.Build.0 = Debug|Any CPU
		{E2B49FEE-8175-4764-8D74-2D2F55ACCBAE}.Debug|ARM32.ActiveCfg = Debug|Any CPU
		{E2B49FEE-8175-4764-8D74-2D2F55ACCBAE}.Debug|ARM32.Build.0 = Debug|Any CPU
		{E2B49FEE-8175-4764-8D74-2D2F55ACCBAE}.Debug|x86.ActiveCfg = Debug|Any CPU
		{E2B49FEE-8175-4764-8D74-2D2F55ACCBAE}.Debug|x86.Build.0 = Debug|Any CPU
		{E2B49FEE-8175-4764-8D74-2D2F55ACCBAE}.Release|Any CPU.ActiveCfg = Release|Any CPU
		{E2B49FEE-8175-4764-8D74-2D2F55ACCBAE}.Release|Any CPU.Build.0 = Release|Any CPU
		{E2B49FEE-8175-4764-8D74-2D2F55ACCBAE}.Release|ARM32.ActiveCfg = Release|Any CPU
		{E2B49FEE-8175-4764-8D74-2D2F55ACCBAE}.Release|ARM32.Build.0 = Release|Any CPU
		{E2B49FEE-8175-4764-8D74-2D2F55ACCBAE}.Release|x86.ActiveCfg = Release|Any CPU
		{E2B49FEE-8175-4764-8D74-2D2F55ACCBAE}.Release|x86.Build.0 = Release|Any CPU
		{D4E8369A-88C5-20A8-915E-6DFF3801FBB0}.Debug|Any CPU.ActiveCfg = Debug|Any CPU
		{D4E8369A-88C5-20A8-915E-6DFF3801FBB0}.Debug|Any CPU.Build.0 = Debug|Any CPU
		{D4E8369A-88C5-20A8-915E-6DFF3801FBB0}.Debug|ARM32.ActiveCfg = Debug|Any CPU
		{D4E8369A-88C5-20A8-915E-6DFF3801FBB0}.Debug|ARM32.Build.0 = Debug|Any CPU
		{D4E8369A-88C5-20A8-915E-6DFF3801FBB0}.Debug|x86.ActiveCfg = Debug|Any CPU
		{D4E8369A-88C5-20A8-915E-6DFF3801FBB0}.Debug|x86.Build.0 = Debug|Any CPU
		{D4E8369A-88C5-20A8-915E-6DFF3801FBB0}.Release|Any CPU.ActiveCfg = Release|Any CPU
		{D4E8369A-88C5-20A8-915E-6DFF3801FBB0}.Release|Any CPU.Build.0 = Release|Any CPU
		{D4E8369A-88C5-20A8-915E-6DFF3801FBB0}.Release|ARM32.ActiveCfg = Release|Any CPU
		{D4E8369A-88C5-20A8-915E-6DFF3801FBB0}.Release|ARM32.Build.0 = Release|Any CPU
		{D4E8369A-88C5-20A8-915E-6DFF3801FBB0}.Release|x86.ActiveCfg = Release|Any CPU
		{D4E8369A-88C5-20A8-915E-6DFF3801FBB0}.Release|x86.Build.0 = Release|Any CPU
		{BA4694C6-4908-49C9-951F-511DFB1DA15E}.Debug|Any CPU.ActiveCfg = Debug|Any CPU
		{BA4694C6-4908-49C9-951F-511DFB1DA15E}.Debug|Any CPU.Build.0 = Debug|Any CPU
		{BA4694C6-4908-49C9-951F-511DFB1DA15E}.Debug|ARM32.ActiveCfg = Debug|Any CPU
		{BA4694C6-4908-49C9-951F-511DFB1DA15E}.Debug|ARM32.Build.0 = Debug|Any CPU
		{BA4694C6-4908-49C9-951F-511DFB1DA15E}.Debug|x86.ActiveCfg = Debug|Any CPU
		{BA4694C6-4908-49C9-951F-511DFB1DA15E}.Debug|x86.Build.0 = Debug|Any CPU
		{BA4694C6-4908-49C9-951F-511DFB1DA15E}.Release|Any CPU.ActiveCfg = Release|Any CPU
		{BA4694C6-4908-49C9-951F-511DFB1DA15E}.Release|Any CPU.Build.0 = Release|Any CPU
		{BA4694C6-4908-49C9-951F-511DFB1DA15E}.Release|ARM32.ActiveCfg = Release|Any CPU
		{BA4694C6-4908-49C9-951F-511DFB1DA15E}.Release|ARM32.Build.0 = Release|Any CPU
		{BA4694C6-4908-49C9-951F-511DFB1DA15E}.Release|x86.ActiveCfg = Release|Any CPU
		{BA4694C6-4908-49C9-951F-511DFB1DA15E}.Release|x86.Build.0 = Release|Any CPU
		{D642579A-1A5F-4B71-91E2-B995F1172AC8}.Debug|Any CPU.ActiveCfg = Debug|Any CPU
		{D642579A-1A5F-4B71-91E2-B995F1172AC8}.Debug|Any CPU.Build.0 = Debug|Any CPU
		{D642579A-1A5F-4B71-91E2-B995F1172AC8}.Debug|ARM32.ActiveCfg = Debug|Any CPU
		{D642579A-1A5F-4B71-91E2-B995F1172AC8}.Debug|ARM32.Build.0 = Debug|Any CPU
		{D642579A-1A5F-4B71-91E2-B995F1172AC8}.Debug|x86.ActiveCfg = Debug|Any CPU
		{D642579A-1A5F-4B71-91E2-B995F1172AC8}.Debug|x86.Build.0 = Debug|Any CPU
		{D642579A-1A5F-4B71-91E2-B995F1172AC8}.Release|Any CPU.ActiveCfg = Release|Any CPU
		{D642579A-1A5F-4B71-91E2-B995F1172AC8}.Release|Any CPU.Build.0 = Release|Any CPU
		{D642579A-1A5F-4B71-91E2-B995F1172AC8}.Release|ARM32.ActiveCfg = Release|Any CPU
		{D642579A-1A5F-4B71-91E2-B995F1172AC8}.Release|ARM32.Build.0 = Release|Any CPU
		{D642579A-1A5F-4B71-91E2-B995F1172AC8}.Release|x86.ActiveCfg = Release|Any CPU
		{D642579A-1A5F-4B71-91E2-B995F1172AC8}.Release|x86.Build.0 = Release|Any CPU
		{937EF4EC-AD84-4F6B-8E9B-5D9907F8BED9}.Debug|Any CPU.ActiveCfg = Debug|Any CPU
		{937EF4EC-AD84-4F6B-8E9B-5D9907F8BED9}.Debug|Any CPU.Build.0 = Debug|Any CPU
		{937EF4EC-AD84-4F6B-8E9B-5D9907F8BED9}.Debug|ARM32.ActiveCfg = Debug|Any CPU
		{937EF4EC-AD84-4F6B-8E9B-5D9907F8BED9}.Debug|ARM32.Build.0 = Debug|Any CPU
		{937EF4EC-AD84-4F6B-8E9B-5D9907F8BED9}.Debug|x86.ActiveCfg = Debug|Any CPU
		{937EF4EC-AD84-4F6B-8E9B-5D9907F8BED9}.Debug|x86.Build.0 = Debug|Any CPU
		{937EF4EC-AD84-4F6B-8E9B-5D9907F8BED9}.Release|Any CPU.ActiveCfg = Release|Any CPU
		{937EF4EC-AD84-4F6B-8E9B-5D9907F8BED9}.Release|Any CPU.Build.0 = Release|Any CPU
		{937EF4EC-AD84-4F6B-8E9B-5D9907F8BED9}.Release|ARM32.ActiveCfg = Release|Any CPU
		{937EF4EC-AD84-4F6B-8E9B-5D9907F8BED9}.Release|ARM32.Build.0 = Release|Any CPU
		{937EF4EC-AD84-4F6B-8E9B-5D9907F8BED9}.Release|x86.ActiveCfg = Release|Any CPU
		{937EF4EC-AD84-4F6B-8E9B-5D9907F8BED9}.Release|x86.Build.0 = Release|Any CPU
		{4A84B1F5-BD01-422B-BB82-70704B3D6FE7}.Debug|Any CPU.ActiveCfg = Debug|Any CPU
		{4A84B1F5-BD01-422B-BB82-70704B3D6FE7}.Debug|Any CPU.Build.0 = Debug|Any CPU
		{4A84B1F5-BD01-422B-BB82-70704B3D6FE7}.Debug|ARM32.ActiveCfg = Debug|Any CPU
		{4A84B1F5-BD01-422B-BB82-70704B3D6FE7}.Debug|ARM32.Build.0 = Debug|Any CPU
		{4A84B1F5-BD01-422B-BB82-70704B3D6FE7}.Debug|x86.ActiveCfg = Debug|Any CPU
		{4A84B1F5-BD01-422B-BB82-70704B3D6FE7}.Debug|x86.Build.0 = Debug|Any CPU
		{4A84B1F5-BD01-422B-BB82-70704B3D6FE7}.Release|Any CPU.ActiveCfg = Release|Any CPU
		{4A84B1F5-BD01-422B-BB82-70704B3D6FE7}.Release|Any CPU.Build.0 = Release|Any CPU
		{4A84B1F5-BD01-422B-BB82-70704B3D6FE7}.Release|ARM32.ActiveCfg = Release|Any CPU
		{4A84B1F5-BD01-422B-BB82-70704B3D6FE7}.Release|ARM32.Build.0 = Release|Any CPU
		{4A84B1F5-BD01-422B-BB82-70704B3D6FE7}.Release|x86.ActiveCfg = Release|Any CPU
		{4A84B1F5-BD01-422B-BB82-70704B3D6FE7}.Release|x86.Build.0 = Release|Any CPU
		{6AA3DB19-3A9C-4679-97BD-1D4AA9A61611}.Debug|Any CPU.ActiveCfg = Debug|Any CPU
		{6AA3DB19-3A9C-4679-97BD-1D4AA9A61611}.Debug|Any CPU.Build.0 = Debug|Any CPU
		{6AA3DB19-3A9C-4679-97BD-1D4AA9A61611}.Debug|ARM32.ActiveCfg = Debug|Any CPU
		{6AA3DB19-3A9C-4679-97BD-1D4AA9A61611}.Debug|ARM32.Build.0 = Debug|Any CPU
		{6AA3DB19-3A9C-4679-97BD-1D4AA9A61611}.Debug|x86.ActiveCfg = Debug|Any CPU
		{6AA3DB19-3A9C-4679-97BD-1D4AA9A61611}.Debug|x86.Build.0 = Debug|Any CPU
		{6AA3DB19-3A9C-4679-97BD-1D4AA9A61611}.Release|Any CPU.ActiveCfg = Release|Any CPU
		{6AA3DB19-3A9C-4679-97BD-1D4AA9A61611}.Release|Any CPU.Build.0 = Release|Any CPU
		{6AA3DB19-3A9C-4679-97BD-1D4AA9A61611}.Release|ARM32.ActiveCfg = Release|Any CPU
		{6AA3DB19-3A9C-4679-97BD-1D4AA9A61611}.Release|ARM32.Build.0 = Release|Any CPU
		{6AA3DB19-3A9C-4679-97BD-1D4AA9A61611}.Release|x86.ActiveCfg = Release|Any CPU
		{6AA3DB19-3A9C-4679-97BD-1D4AA9A61611}.Release|x86.Build.0 = Release|Any CPU
		{2756065A-9070-4A7E-A5CA-1E51936282D1}.Debug|Any CPU.ActiveCfg = Debug|Any CPU
		{2756065A-9070-4A7E-A5CA-1E51936282D1}.Debug|Any CPU.Build.0 = Debug|Any CPU
		{2756065A-9070-4A7E-A5CA-1E51936282D1}.Debug|ARM32.ActiveCfg = Debug|Any CPU
		{2756065A-9070-4A7E-A5CA-1E51936282D1}.Debug|ARM32.Build.0 = Debug|Any CPU
		{2756065A-9070-4A7E-A5CA-1E51936282D1}.Debug|x86.ActiveCfg = Debug|Any CPU
		{2756065A-9070-4A7E-A5CA-1E51936282D1}.Debug|x86.Build.0 = Debug|Any CPU
		{2756065A-9070-4A7E-A5CA-1E51936282D1}.Release|Any CPU.ActiveCfg = Release|Any CPU
		{2756065A-9070-4A7E-A5CA-1E51936282D1}.Release|Any CPU.Build.0 = Release|Any CPU
		{2756065A-9070-4A7E-A5CA-1E51936282D1}.Release|ARM32.ActiveCfg = Release|Any CPU
		{2756065A-9070-4A7E-A5CA-1E51936282D1}.Release|ARM32.Build.0 = Release|Any CPU
		{2756065A-9070-4A7E-A5CA-1E51936282D1}.Release|x86.ActiveCfg = Release|Any CPU
		{2756065A-9070-4A7E-A5CA-1E51936282D1}.Release|x86.Build.0 = Release|Any CPU
		{F3090516-69E1-4EBD-A753-6F972EC60123}.Debug|Any CPU.ActiveCfg = Debug|Any CPU
		{F3090516-69E1-4EBD-A753-6F972EC60123}.Debug|Any CPU.Build.0 = Debug|Any CPU
		{F3090516-69E1-4EBD-A753-6F972EC60123}.Debug|ARM32.ActiveCfg = Debug|Any CPU
		{F3090516-69E1-4EBD-A753-6F972EC60123}.Debug|ARM32.Build.0 = Debug|Any CPU
		{F3090516-69E1-4EBD-A753-6F972EC60123}.Debug|x86.ActiveCfg = Debug|Any CPU
		{F3090516-69E1-4EBD-A753-6F972EC60123}.Debug|x86.Build.0 = Debug|Any CPU
		{F3090516-69E1-4EBD-A753-6F972EC60123}.Release|Any CPU.ActiveCfg = Release|Any CPU
		{F3090516-69E1-4EBD-A753-6F972EC60123}.Release|Any CPU.Build.0 = Release|Any CPU
		{F3090516-69E1-4EBD-A753-6F972EC60123}.Release|ARM32.ActiveCfg = Release|Any CPU
		{F3090516-69E1-4EBD-A753-6F972EC60123}.Release|ARM32.Build.0 = Release|Any CPU
		{F3090516-69E1-4EBD-A753-6F972EC60123}.Release|x86.ActiveCfg = Release|Any CPU
		{F3090516-69E1-4EBD-A753-6F972EC60123}.Release|x86.Build.0 = Release|Any CPU
		{F5BB96E8-DADE-4D9F-90DB-98D64FE7F01B}.Debug|Any CPU.ActiveCfg = Debug|Any CPU
		{F5BB96E8-DADE-4D9F-90DB-98D64FE7F01B}.Debug|Any CPU.Build.0 = Debug|Any CPU
		{F5BB96E8-DADE-4D9F-90DB-98D64FE7F01B}.Debug|ARM32.ActiveCfg = Debug|Any CPU
		{F5BB96E8-DADE-4D9F-90DB-98D64FE7F01B}.Debug|ARM32.Build.0 = Debug|Any CPU
		{F5BB96E8-DADE-4D9F-90DB-98D64FE7F01B}.Debug|x86.ActiveCfg = Debug|Any CPU
		{F5BB96E8-DADE-4D9F-90DB-98D64FE7F01B}.Debug|x86.Build.0 = Debug|Any CPU
		{F5BB96E8-DADE-4D9F-90DB-98D64FE7F01B}.Release|Any CPU.ActiveCfg = Release|Any CPU
		{F5BB96E8-DADE-4D9F-90DB-98D64FE7F01B}.Release|Any CPU.Build.0 = Release|Any CPU
		{F5BB96E8-DADE-4D9F-90DB-98D64FE7F01B}.Release|ARM32.ActiveCfg = Release|Any CPU
		{F5BB96E8-DADE-4D9F-90DB-98D64FE7F01B}.Release|ARM32.Build.0 = Release|Any CPU
		{F5BB96E8-DADE-4D9F-90DB-98D64FE7F01B}.Release|x86.ActiveCfg = Release|Any CPU
		{F5BB96E8-DADE-4D9F-90DB-98D64FE7F01B}.Release|x86.Build.0 = Release|Any CPU
		{C3000EFA-3C3F-4DB4-AA87-537C6D5EBC66}.Debug|Any CPU.ActiveCfg = Debug|Any CPU
		{C3000EFA-3C3F-4DB4-AA87-537C6D5EBC66}.Debug|Any CPU.Build.0 = Debug|Any CPU
		{C3000EFA-3C3F-4DB4-AA87-537C6D5EBC66}.Debug|ARM32.ActiveCfg = Debug|Any CPU
		{C3000EFA-3C3F-4DB4-AA87-537C6D5EBC66}.Debug|ARM32.Build.0 = Debug|Any CPU
		{C3000EFA-3C3F-4DB4-AA87-537C6D5EBC66}.Debug|x86.ActiveCfg = Debug|Any CPU
		{C3000EFA-3C3F-4DB4-AA87-537C6D5EBC66}.Debug|x86.Build.0 = Debug|Any CPU
		{C3000EFA-3C3F-4DB4-AA87-537C6D5EBC66}.Release|Any CPU.ActiveCfg = Release|Any CPU
		{C3000EFA-3C3F-4DB4-AA87-537C6D5EBC66}.Release|Any CPU.Build.0 = Release|Any CPU
		{C3000EFA-3C3F-4DB4-AA87-537C6D5EBC66}.Release|ARM32.ActiveCfg = Release|Any CPU
		{C3000EFA-3C3F-4DB4-AA87-537C6D5EBC66}.Release|ARM32.Build.0 = Release|Any CPU
		{C3000EFA-3C3F-4DB4-AA87-537C6D5EBC66}.Release|x86.ActiveCfg = Release|Any CPU
		{C3000EFA-3C3F-4DB4-AA87-537C6D5EBC66}.Release|x86.Build.0 = Release|Any CPU
		{58C3860D-755C-473A-A09D-4AC368E45F94}.Debug|Any CPU.ActiveCfg = Debug|Any CPU
		{58C3860D-755C-473A-A09D-4AC368E45F94}.Debug|Any CPU.Build.0 = Debug|Any CPU
		{58C3860D-755C-473A-A09D-4AC368E45F94}.Debug|ARM32.ActiveCfg = Debug|Any CPU
		{58C3860D-755C-473A-A09D-4AC368E45F94}.Debug|ARM32.Build.0 = Debug|Any CPU
		{58C3860D-755C-473A-A09D-4AC368E45F94}.Debug|x86.ActiveCfg = Debug|Any CPU
		{58C3860D-755C-473A-A09D-4AC368E45F94}.Debug|x86.Build.0 = Debug|Any CPU
		{58C3860D-755C-473A-A09D-4AC368E45F94}.Release|Any CPU.ActiveCfg = Release|Any CPU
		{58C3860D-755C-473A-A09D-4AC368E45F94}.Release|Any CPU.Build.0 = Release|Any CPU
		{58C3860D-755C-473A-A09D-4AC368E45F94}.Release|ARM32.ActiveCfg = Release|Any CPU
		{58C3860D-755C-473A-A09D-4AC368E45F94}.Release|ARM32.Build.0 = Release|Any CPU
		{58C3860D-755C-473A-A09D-4AC368E45F94}.Release|x86.ActiveCfg = Release|Any CPU
		{58C3860D-755C-473A-A09D-4AC368E45F94}.Release|x86.Build.0 = Release|Any CPU
		{9AB82727-BAA7-4ED9-903B-F968BAB6B481}.Debug|Any CPU.ActiveCfg = Debug|Any CPU
		{9AB82727-BAA7-4ED9-903B-F968BAB6B481}.Debug|Any CPU.Build.0 = Debug|Any CPU
		{9AB82727-BAA7-4ED9-903B-F968BAB6B481}.Debug|ARM32.ActiveCfg = Debug|Any CPU
		{9AB82727-BAA7-4ED9-903B-F968BAB6B481}.Debug|ARM32.Build.0 = Debug|Any CPU
		{9AB82727-BAA7-4ED9-903B-F968BAB6B481}.Debug|x86.ActiveCfg = Debug|Any CPU
		{9AB82727-BAA7-4ED9-903B-F968BAB6B481}.Debug|x86.Build.0 = Debug|Any CPU
		{9AB82727-BAA7-4ED9-903B-F968BAB6B481}.Release|Any CPU.ActiveCfg = Release|Any CPU
		{9AB82727-BAA7-4ED9-903B-F968BAB6B481}.Release|Any CPU.Build.0 = Release|Any CPU
		{9AB82727-BAA7-4ED9-903B-F968BAB6B481}.Release|ARM32.ActiveCfg = Release|Any CPU
		{9AB82727-BAA7-4ED9-903B-F968BAB6B481}.Release|ARM32.Build.0 = Release|Any CPU
		{9AB82727-BAA7-4ED9-903B-F968BAB6B481}.Release|x86.ActiveCfg = Release|Any CPU
		{9AB82727-BAA7-4ED9-903B-F968BAB6B481}.Release|x86.Build.0 = Release|Any CPU
		{DDD5EB77-EE46-494D-8E4F-7F1B1F85F8C0}.Debug|Any CPU.ActiveCfg = Debug|Any CPU
		{DDD5EB77-EE46-494D-8E4F-7F1B1F85F8C0}.Debug|Any CPU.Build.0 = Debug|Any CPU
		{DDD5EB77-EE46-494D-8E4F-7F1B1F85F8C0}.Debug|ARM32.ActiveCfg = Debug|Any CPU
		{DDD5EB77-EE46-494D-8E4F-7F1B1F85F8C0}.Debug|ARM32.Build.0 = Debug|Any CPU
		{DDD5EB77-EE46-494D-8E4F-7F1B1F85F8C0}.Debug|x86.ActiveCfg = Debug|Any CPU
		{DDD5EB77-EE46-494D-8E4F-7F1B1F85F8C0}.Debug|x86.Build.0 = Debug|Any CPU
		{DDD5EB77-EE46-494D-8E4F-7F1B1F85F8C0}.Release|Any CPU.ActiveCfg = Release|Any CPU
		{DDD5EB77-EE46-494D-8E4F-7F1B1F85F8C0}.Release|Any CPU.Build.0 = Release|Any CPU
		{DDD5EB77-EE46-494D-8E4F-7F1B1F85F8C0}.Release|ARM32.ActiveCfg = Release|Any CPU
		{DDD5EB77-EE46-494D-8E4F-7F1B1F85F8C0}.Release|ARM32.Build.0 = Release|Any CPU
		{DDD5EB77-EE46-494D-8E4F-7F1B1F85F8C0}.Release|x86.ActiveCfg = Release|Any CPU
		{DDD5EB77-EE46-494D-8E4F-7F1B1F85F8C0}.Release|x86.Build.0 = Release|Any CPU
		{20D981AE-3702-4DCF-ADE0-55D105F575E6}.Debug|Any CPU.ActiveCfg = Debug|Any CPU
		{20D981AE-3702-4DCF-ADE0-55D105F575E6}.Debug|Any CPU.Build.0 = Debug|Any CPU
		{20D981AE-3702-4DCF-ADE0-55D105F575E6}.Debug|ARM32.ActiveCfg = Debug|Any CPU
		{20D981AE-3702-4DCF-ADE0-55D105F575E6}.Debug|ARM32.Build.0 = Debug|Any CPU
		{20D981AE-3702-4DCF-ADE0-55D105F575E6}.Debug|x86.ActiveCfg = Debug|Any CPU
		{20D981AE-3702-4DCF-ADE0-55D105F575E6}.Debug|x86.Build.0 = Debug|Any CPU
		{20D981AE-3702-4DCF-ADE0-55D105F575E6}.Release|Any CPU.ActiveCfg = Release|Any CPU
		{20D981AE-3702-4DCF-ADE0-55D105F575E6}.Release|Any CPU.Build.0 = Release|Any CPU
		{20D981AE-3702-4DCF-ADE0-55D105F575E6}.Release|ARM32.ActiveCfg = Release|Any CPU
		{20D981AE-3702-4DCF-ADE0-55D105F575E6}.Release|ARM32.Build.0 = Release|Any CPU
		{20D981AE-3702-4DCF-ADE0-55D105F575E6}.Release|x86.ActiveCfg = Release|Any CPU
		{20D981AE-3702-4DCF-ADE0-55D105F575E6}.Release|x86.Build.0 = Release|Any CPU
		{7599723D-32CC-487B-A2DE-CBF44C7BBC1B}.Debug|Any CPU.ActiveCfg = Debug|Any CPU
		{7599723D-32CC-487B-A2DE-CBF44C7BBC1B}.Debug|Any CPU.Build.0 = Debug|Any CPU
		{7599723D-32CC-487B-A2DE-CBF44C7BBC1B}.Debug|ARM32.ActiveCfg = Debug|Any CPU
		{7599723D-32CC-487B-A2DE-CBF44C7BBC1B}.Debug|ARM32.Build.0 = Debug|Any CPU
		{7599723D-32CC-487B-A2DE-CBF44C7BBC1B}.Debug|x86.ActiveCfg = Debug|Any CPU
		{7599723D-32CC-487B-A2DE-CBF44C7BBC1B}.Debug|x86.Build.0 = Debug|Any CPU
		{7599723D-32CC-487B-A2DE-CBF44C7BBC1B}.Release|Any CPU.ActiveCfg = Release|Any CPU
		{7599723D-32CC-487B-A2DE-CBF44C7BBC1B}.Release|Any CPU.Build.0 = Release|Any CPU
		{7599723D-32CC-487B-A2DE-CBF44C7BBC1B}.Release|ARM32.ActiveCfg = Release|Any CPU
		{7599723D-32CC-487B-A2DE-CBF44C7BBC1B}.Release|ARM32.Build.0 = Release|Any CPU
		{7599723D-32CC-487B-A2DE-CBF44C7BBC1B}.Release|x86.ActiveCfg = Release|Any CPU
		{7599723D-32CC-487B-A2DE-CBF44C7BBC1B}.Release|x86.Build.0 = Release|Any CPU
		{BB7429C1-8D24-4CB2-8638-D00EA9FC9109}.Debug|Any CPU.ActiveCfg = Debug|Any CPU
		{BB7429C1-8D24-4CB2-8638-D00EA9FC9109}.Debug|Any CPU.Build.0 = Debug|Any CPU
		{BB7429C1-8D24-4CB2-8638-D00EA9FC9109}.Debug|ARM32.ActiveCfg = Debug|Any CPU
		{BB7429C1-8D24-4CB2-8638-D00EA9FC9109}.Debug|ARM32.Build.0 = Debug|Any CPU
		{BB7429C1-8D24-4CB2-8638-D00EA9FC9109}.Debug|x86.ActiveCfg = Debug|Any CPU
		{BB7429C1-8D24-4CB2-8638-D00EA9FC9109}.Debug|x86.Build.0 = Debug|Any CPU
		{BB7429C1-8D24-4CB2-8638-D00EA9FC9109}.Release|Any CPU.ActiveCfg = Release|Any CPU
		{BB7429C1-8D24-4CB2-8638-D00EA9FC9109}.Release|Any CPU.Build.0 = Release|Any CPU
		{BB7429C1-8D24-4CB2-8638-D00EA9FC9109}.Release|ARM32.ActiveCfg = Release|Any CPU
		{BB7429C1-8D24-4CB2-8638-D00EA9FC9109}.Release|ARM32.Build.0 = Release|Any CPU
		{BB7429C1-8D24-4CB2-8638-D00EA9FC9109}.Release|x86.ActiveCfg = Release|Any CPU
		{BB7429C1-8D24-4CB2-8638-D00EA9FC9109}.Release|x86.Build.0 = Release|Any CPU
		{C200FD7F-46B1-46CB-96D2-FDBBB879B35B}.Debug|Any CPU.ActiveCfg = Debug|Any CPU
		{C200FD7F-46B1-46CB-96D2-FDBBB879B35B}.Debug|Any CPU.Build.0 = Debug|Any CPU
		{C200FD7F-46B1-46CB-96D2-FDBBB879B35B}.Debug|ARM32.ActiveCfg = Debug|Any CPU
		{C200FD7F-46B1-46CB-96D2-FDBBB879B35B}.Debug|ARM32.Build.0 = Debug|Any CPU
		{C200FD7F-46B1-46CB-96D2-FDBBB879B35B}.Debug|x86.ActiveCfg = Debug|Any CPU
		{C200FD7F-46B1-46CB-96D2-FDBBB879B35B}.Debug|x86.Build.0 = Debug|Any CPU
		{C200FD7F-46B1-46CB-96D2-FDBBB879B35B}.Release|Any CPU.ActiveCfg = Release|Any CPU
		{C200FD7F-46B1-46CB-96D2-FDBBB879B35B}.Release|Any CPU.Build.0 = Release|Any CPU
		{C200FD7F-46B1-46CB-96D2-FDBBB879B35B}.Release|ARM32.ActiveCfg = Release|Any CPU
		{C200FD7F-46B1-46CB-96D2-FDBBB879B35B}.Release|ARM32.Build.0 = Release|Any CPU
		{C200FD7F-46B1-46CB-96D2-FDBBB879B35B}.Release|x86.ActiveCfg = Release|Any CPU
		{C200FD7F-46B1-46CB-96D2-FDBBB879B35B}.Release|x86.Build.0 = Release|Any CPU
	EndGlobalSection
	GlobalSection(SolutionProperties) = preSolution
		HideSolutionNode = FALSE
	EndGlobalSection
	GlobalSection(ExtensibilityGlobals) = postSolution
		SolutionGuid = {A137D70B-BF50-4EC1-AA5E-906CB34B71E8}
	EndGlobalSection
EndGlobal
